
Microsoft Visual Studio Solution File, Format Version 12.00
# Visual Studio Version 16
VisualStudioVersion = 16.0.30114.105
MinimumVisualStudioVersion = 10.0.40219.1
Project("{FAE04EC0-301F-11D3-BF4B-00C04F79EFBC}") = "nilnul._obj_._TEST_", "nilnul._obj_._TEST_.csproj", "{1818E064-0946-449A-A9BB-57A67B73CE38}"
EndProject
Project("{2150E333-8FDC-42A3-9474-1A3956D46DE8}") = "(see", "(see", "{0A76F635-E6EB-4936-AC97-5EB4EFA45E6B}"
EndProject
Project("{FAE04EC0-301F-11D3-BF4B-00C04F79EFBC}") = "nilnul._obj_._LIB_", "..\_LIB_\nilnul._obj_._LIB_.csproj", "{04F7924B-1268-4514-B3B7-EE563C7A8E15}"
EndProject
Global
	GlobalSection(SolutionConfigurationPlatforms) = preSolution
		_Temp|Any CPU = _Temp|Any CPU
		_Temp|Mixed Platforms = _Temp|Mixed Platforms
		_Temp|x86 = _Temp|x86
		Debug|Any CPU = Debug|Any CPU
		Debug|Mixed Platforms = Debug|Mixed Platforms
		Debug|x86 = Debug|x86
		git|Any CPU = git|Any CPU
		git|Mixed Platforms = git|Mixed Platforms
		git|x86 = git|x86
		Hbue40|Any CPU = Hbue40|Any CPU
		Hbue40|Mixed Platforms = Hbue40|Mixed Platforms
		Hbue40|x86 = Hbue40|x86
		NILNUL4WYT|Any CPU = NILNUL4WYT|Any CPU
		NILNUL4WYT|Mixed Platforms = NILNUL4WYT|Mixed Platforms
		NILNUL4WYT|x86 = NILNUL4WYT|x86
		PreferChinese|Any CPU = PreferChinese|Any CPU
		PreferChinese|Mixed Platforms = PreferChinese|Mixed Platforms
		PreferChinese|x86 = PreferChinese|x86
		Release_PreferChinese|Any CPU = Release_PreferChinese|Any CPU
		Release_PreferChinese|Mixed Platforms = Release_PreferChinese|Mixed Platforms
		Release_PreferChinese|x86 = Release_PreferChinese|x86
		Release|Any CPU = Release|Any CPU
		Release|Mixed Platforms = Release|Mixed Platforms
		Release|x86 = Release|x86
		Symbol|Any CPU = Symbol|Any CPU
		Symbol|Mixed Platforms = Symbol|Mixed Platforms
		Symbol|x86 = Symbol|x86
		Symbols4Debug|Any CPU = Symbols4Debug|Any CPU
		Symbols4Debug|Mixed Platforms = Symbols4Debug|Mixed Platforms
		Symbols4Debug|x86 = Symbols4Debug|x86
		TRIAL|Any CPU = TRIAL|Any CPU
		TRIAL|Mixed Platforms = TRIAL|Mixed Platforms
		TRIAL|x86 = TRIAL|x86
	EndGlobalSection
	GlobalSection(ProjectConfigurationPlatforms) = postSolution
		{1818E064-0946-449A-A9BB-57A67B73CE38}._Temp|Any CPU.ActiveCfg = Release|Any CPU
		{1818E064-0946-449A-A9BB-57A67B73CE38}._Temp|Any CPU.Build.0 = Release|Any CPU
		{1818E064-0946-449A-A9BB-57A67B73CE38}._Temp|Mixed Platforms.ActiveCfg = Release|Any CPU
		{1818E064-0946-449A-A9BB-57A67B73CE38}._Temp|Mixed Platforms.Build.0 = Release|Any CPU
		{1818E064-0946-449A-A9BB-57A67B73CE38}._Temp|x86.ActiveCfg = Release|Any CPU
		{1818E064-0946-449A-A9BB-57A67B73CE38}.Debug|Any CPU.ActiveCfg = Debug|Any CPU
		{1818E064-0946-449A-A9BB-57A67B73CE38}.Debug|Any CPU.Build.0 = Debug|Any CPU
		{1818E064-0946-449A-A9BB-57A67B73CE38}.Debug|Mixed Platforms.ActiveCfg = Debug|Any CPU
		{1818E064-0946-449A-A9BB-57A67B73CE38}.Debug|Mixed Platforms.Build.0 = Debug|Any CPU
		{1818E064-0946-449A-A9BB-57A67B73CE38}.Debug|x86.ActiveCfg = Debug|Any CPU
		{1818E064-0946-449A-A9BB-57A67B73CE38}.git|Any CPU.ActiveCfg = Symbols4Debug|Any CPU
		{1818E064-0946-449A-A9BB-57A67B73CE38}.git|Any CPU.Build.0 = Symbols4Debug|Any CPU
		{1818E064-0946-449A-A9BB-57A67B73CE38}.git|Mixed Platforms.ActiveCfg = Symbols4Debug|Any CPU
		{1818E064-0946-449A-A9BB-57A67B73CE38}.git|Mixed Platforms.Build.0 = Symbols4Debug|Any CPU
		{1818E064-0946-449A-A9BB-57A67B73CE38}.git|x86.ActiveCfg = Symbols4Debug|Any CPU
		{1818E064-0946-449A-A9BB-57A67B73CE38}.git|x86.Build.0 = Symbols4Debug|Any CPU
		{1818E064-0946-449A-A9BB-57A67B73CE38}.Hbue40|Any CPU.ActiveCfg = Symbols4Debug|Any CPU
		{1818E064-0946-449A-A9BB-57A67B73CE38}.Hbue40|Any CPU.Build.0 = Symbols4Debug|Any CPU
		{1818E064-0946-449A-A9BB-57A67B73CE38}.Hbue40|Mixed Platforms.ActiveCfg = Symbols4Debug|Any CPU
		{1818E064-0946-449A-A9BB-57A67B73CE38}.Hbue40|Mixed Platforms.Build.0 = Symbols4Debug|Any CPU
		{1818E064-0946-449A-A9BB-57A67B73CE38}.Hbue40|x86.ActiveCfg = Symbols4Debug|Any CPU
		{1818E064-0946-449A-A9BB-57A67B73CE38}.Hbue40|x86.Build.0 = Symbols4Debug|Any CPU
		{1818E064-0946-449A-A9BB-57A67B73CE38}.NILNUL4WYT|Any CPU.ActiveCfg = Symbols4Debug|Any CPU
		{1818E064-0946-449A-A9BB-57A67B73CE38}.NILNUL4WYT|Any CPU.Build.0 = Symbols4Debug|Any CPU
		{1818E064-0946-449A-A9BB-57A67B73CE38}.NILNUL4WYT|Mixed Platforms.ActiveCfg = Symbols4Debug|Any CPU
		{1818E064-0946-449A-A9BB-57A67B73CE38}.NILNUL4WYT|Mixed Platforms.Build.0 = Symbols4Debug|Any CPU
		{1818E064-0946-449A-A9BB-57A67B73CE38}.NILNUL4WYT|x86.ActiveCfg = Symbols4Debug|Any CPU
		{1818E064-0946-449A-A9BB-57A67B73CE38}.NILNUL4WYT|x86.Build.0 = Symbols4Debug|Any CPU
		{1818E064-0946-449A-A9BB-57A67B73CE38}.PreferChinese|Any CPU.ActiveCfg = Symbols4Debug|Any CPU
		{1818E064-0946-449A-A9BB-57A67B73CE38}.PreferChinese|Any CPU.Build.0 = Symbols4Debug|Any CPU
		{1818E064-0946-449A-A9BB-57A67B73CE38}.PreferChinese|Mixed Platforms.ActiveCfg = Symbols4Debug|Any CPU
		{1818E064-0946-449A-A9BB-57A67B73CE38}.PreferChinese|Mixed Platforms.Build.0 = Symbols4Debug|Any CPU
		{1818E064-0946-449A-A9BB-57A67B73CE38}.PreferChinese|x86.ActiveCfg = Symbols4Debug|Any CPU
		{1818E064-0946-449A-A9BB-57A67B73CE38}.PreferChinese|x86.Build.0 = Symbols4Debug|Any CPU
		{1818E064-0946-449A-A9BB-57A67B73CE38}.Release_PreferChinese|Any CPU.ActiveCfg = Release|Any CPU
		{1818E064-0946-449A-A9BB-57A67B73CE38}.Release_PreferChinese|Any CPU.Build.0 = Release|Any CPU
		{1818E064-0946-449A-A9BB-57A67B73CE38}.Release_PreferChinese|Mixed Platforms.ActiveCfg = Release|Any CPU
		{1818E064-0946-449A-A9BB-57A67B73CE38}.Release_PreferChinese|Mixed Platforms.Build.0 = Release|Any CPU
		{1818E064-0946-449A-A9BB-57A67B73CE38}.Release_PreferChinese|x86.ActiveCfg = Release|Any CPU
		{1818E064-0946-449A-A9BB-57A67B73CE38}.Release_PreferChinese|x86.Build.0 = Release|Any CPU
		{1818E064-0946-449A-A9BB-57A67B73CE38}.Release|Any CPU.ActiveCfg = Release|Any CPU
		{1818E064-0946-449A-A9BB-57A67B73CE38}.Release|Any CPU.Build.0 = Release|Any CPU
		{1818E064-0946-449A-A9BB-57A67B73CE38}.Release|Mixed Platforms.ActiveCfg = Release|Any CPU
		{1818E064-0946-449A-A9BB-57A67B73CE38}.Release|Mixed Platforms.Build.0 = Release|Any CPU
		{1818E064-0946-449A-A9BB-57A67B73CE38}.Release|x86.ActiveCfg = Release|Any CPU
		{1818E064-0946-449A-A9BB-57A67B73CE38}.Symbol|Any CPU.ActiveCfg = Symbol|Any CPU
		{1818E064-0946-449A-A9BB-57A67B73CE38}.Symbol|Any CPU.Build.0 = Symbol|Any CPU
		{1818E064-0946-449A-A9BB-57A67B73CE38}.Symbol|Mixed Platforms.ActiveCfg = Symbol|Any CPU
		{1818E064-0946-449A-A9BB-57A67B73CE38}.Symbol|Mixed Platforms.Build.0 = Symbol|Any CPU
		{1818E064-0946-449A-A9BB-57A67B73CE38}.Symbol|x86.ActiveCfg = Symbol|Any CPU
		{1818E064-0946-449A-A9BB-57A67B73CE38}.Symbol|x86.Build.0 = Symbol|Any CPU
		{1818E064-0946-449A-A9BB-57A67B73CE38}.Symbols4Debug|Any CPU.ActiveCfg = Symbols4Debug|Any CPU
		{1818E064-0946-449A-A9BB-57A67B73CE38}.Symbols4Debug|Any CPU.Build.0 = Symbols4Debug|Any CPU
		{1818E064-0946-449A-A9BB-57A67B73CE38}.Symbols4Debug|Mixed Platforms.ActiveCfg = Symbols4Debug|Any CPU
		{1818E064-0946-449A-A9BB-57A67B73CE38}.Symbols4Debug|Mixed Platforms.Build.0 = Symbols4Debug|Any CPU
		{1818E064-0946-449A-A9BB-57A67B73CE38}.Symbols4Debug|x86.ActiveCfg = Symbols4Debug|Any CPU
		{1818E064-0946-449A-A9BB-57A67B73CE38}.Symbols4Debug|x86.Build.0 = Symbols4Debug|Any CPU
		{1818E064-0946-449A-A9BB-57A67B73CE38}.TRIAL|Any CPU.ActiveCfg = TRIAL|Any CPU
		{1818E064-0946-449A-A9BB-57A67B73CE38}.TRIAL|Any CPU.Build.0 = TRIAL|Any CPU
		{1818E064-0946-449A-A9BB-57A67B73CE38}.TRIAL|Mixed Platforms.ActiveCfg = TRIAL|Any CPU
		{1818E064-0946-449A-A9BB-57A67B73CE38}.TRIAL|Mixed Platforms.Build.0 = TRIAL|Any CPU
		{1818E064-0946-449A-A9BB-57A67B73CE38}.TRIAL|x86.ActiveCfg = TRIAL|Any CPU
		{1818E064-0946-449A-A9BB-57A67B73CE38}.TRIAL|x86.Build.0 = TRIAL|Any CPU
		{04F7924B-1268-4514-B3B7-EE563C7A8E15}._Temp|Any CPU.ActiveCfg = _Temp|Any CPU
		{04F7924B-1268-4514-B3B7-EE563C7A8E15}._Temp|Any CPU.Build.0 = _Temp|Any CPU
		{04F7924B-1268-4514-B3B7-EE563C7A8E15}._Temp|Mixed Platforms.ActiveCfg = _Temp|Any CPU
		{04F7924B-1268-4514-B3B7-EE563C7A8E15}._Temp|Mixed Platforms.Build.0 = _Temp|Any CPU
		{04F7924B-1268-4514-B3B7-EE563C7A8E15}._Temp|x86.ActiveCfg = _Temp|Any CPU
		{04F7924B-1268-4514-B3B7-EE563C7A8E15}._Temp|x86.Build.0 = _Temp|Any CPU
		{04F7924B-1268-4514-B3B7-EE563C7A8E15}.Debug|Any CPU.ActiveCfg = Debug|Any CPU
		{04F7924B-1268-4514-B3B7-EE563C7A8E15}.Debug|Any CPU.Build.0 = Debug|Any CPU
		{04F7924B-1268-4514-B3B7-EE563C7A8E15}.Debug|Mixed Platforms.ActiveCfg = Debug|Any CPU
		{04F7924B-1268-4514-B3B7-EE563C7A8E15}.Debug|Mixed Platforms.Build.0 = Debug|Any CPU
		{04F7924B-1268-4514-B3B7-EE563C7A8E15}.Debug|x86.ActiveCfg = Debug|Any CPU
		{04F7924B-1268-4514-B3B7-EE563C7A8E15}.Debug|x86.Build.0 = Debug|Any CPU
		{04F7924B-1268-4514-B3B7-EE563C7A8E15}.git|Any CPU.ActiveCfg = git|Any CPU
		{04F7924B-1268-4514-B3B7-EE563C7A8E15}.git|Any CPU.Build.0 = git|Any CPU
		{04F7924B-1268-4514-B3B7-EE563C7A8E15}.git|Mixed Platforms.ActiveCfg = git|Any CPU
		{04F7924B-1268-4514-B3B7-EE563C7A8E15}.git|Mixed Platforms.Build.0 = git|Any CPU
		{04F7924B-1268-4514-B3B7-EE563C7A8E15}.git|x86.ActiveCfg = git|Any CPU
		{04F7924B-1268-4514-B3B7-EE563C7A8E15}.git|x86.Build.0 = git|Any CPU
		{04F7924B-1268-4514-B3B7-EE563C7A8E15}.Hbue40|Any CPU.ActiveCfg = Hbue40|Any CPU
		{04F7924B-1268-4514-B3B7-EE563C7A8E15}.Hbue40|Any CPU.Build.0 = Hbue40|Any CPU
		{04F7924B-1268-4514-B3B7-EE563C7A8E15}.Hbue40|Mixed Platforms.ActiveCfg = Hbue40|Any CPU
		{04F7924B-1268-4514-B3B7-EE563C7A8E15}.Hbue40|Mixed Platforms.Build.0 = Hbue40|Any CPU
		{04F7924B-1268-4514-B3B7-EE563C7A8E15}.Hbue40|x86.ActiveCfg = Hbue40|Any CPU
		{04F7924B-1268-4514-B3B7-EE563C7A8E15}.Hbue40|x86.Build.0 = Hbue40|Any CPU
		{04F7924B-1268-4514-B3B7-EE563C7A8E15}.NILNUL4WYT|Any CPU.ActiveCfg = Symbols4Debug|Any CPU
		{04F7924B-1268-4514-B3B7-EE563C7A8E15}.NILNUL4WYT|Any CPU.Build.0 = Symbols4Debug|Any CPU
		{04F7924B-1268-4514-B3B7-EE563C7A8E15}.NILNUL4WYT|Mixed Platforms.ActiveCfg = Symbols4Debug|Any CPU
		{04F7924B-1268-4514-B3B7-EE563C7A8E15}.NILNUL4WYT|Mixed Platforms.Build.0 = Symbols4Debug|Any CPU
		{04F7924B-1268-4514-B3B7-EE563C7A8E15}.NILNUL4WYT|x86.ActiveCfg = Symbols4Debug|Any CPU
		{04F7924B-1268-4514-B3B7-EE563C7A8E15}.NILNUL4WYT|x86.Build.0 = Symbols4Debug|Any CPU
		{04F7924B-1268-4514-B3B7-EE563C7A8E15}.PreferChinese|Any CPU.ActiveCfg = PreferChinese|Any CPU
		{04F7924B-1268-4514-B3B7-EE563C7A8E15}.PreferChinese|Any CPU.Build.0 = PreferChinese|Any CPU
		{04F7924B-1268-4514-B3B7-EE563C7A8E15}.PreferChinese|Mixed Platforms.ActiveCfg = PreferChinese|Any CPU
		{04F7924B-1268-4514-B3B7-EE563C7A8E15}.PreferChinese|Mixed Platforms.Build.0 = PreferChinese|Any CPU
		{04F7924B-1268-4514-B3B7-EE563C7A8E15}.PreferChinese|x86.ActiveCfg = PreferChinese|Any CPU
		{04F7924B-1268-4514-B3B7-EE563C7A8E15}.PreferChinese|x86.Build.0 = PreferChinese|Any CPU
		{04F7924B-1268-4514-B3B7-EE563C7A8E15}.Release_PreferChinese|Any CPU.ActiveCfg = Release_PreferChinese|Any CPU
		{04F7924B-1268-4514-B3B7-EE563C7A8E15}.Release_PreferChinese|Any CPU.Build.0 = Release_PreferChinese|Any CPU
		{04F7924B-1268-4514-B3B7-EE563C7A8E15}.Release_PreferChinese|Mixed Platforms.ActiveCfg = Release_PreferChinese|Any CPU
		{04F7924B-1268-4514-B3B7-EE563C7A8E15}.Release_PreferChinese|Mixed Platforms.Build.0 = Release_PreferChinese|Any CPU
		{04F7924B-1268-4514-B3B7-EE563C7A8E15}.Release_PreferChinese|x86.ActiveCfg = Release_PreferChinese|Any CPU
		{04F7924B-1268-4514-B3B7-EE563C7A8E15}.Release_PreferChinese|x86.Build.0 = Release_PreferChinese|Any CPU
		{04F7924B-1268-4514-B3B7-EE563C7A8E15}.Release|Any CPU.ActiveCfg = Release|Any CPU
		{04F7924B-1268-4514-B3B7-EE563C7A8E15}.Release|Any CPU.Build.0 = Release|Any CPU
		{04F7924B-1268-4514-B3B7-EE563C7A8E15}.Release|Mixed Platforms.ActiveCfg = Release|Any CPU
		{04F7924B-1268-4514-B3B7-EE563C7A8E15}.Release|Mixed Platforms.Build.0 = Release|Any CPU
		{04F7924B-1268-4514-B3B7-EE563C7A8E15}.Release|x86.ActiveCfg = Release|Any CPU
		{04F7924B-1268-4514-B3B7-EE563C7A8E15}.Release|x86.Build.0 = Release|Any CPU
		{04F7924B-1268-4514-B3B7-EE563C7A8E15}.Symbol|Any CPU.ActiveCfg = Symbol|Any CPU
		{04F7924B-1268-4514-B3B7-EE563C7A8E15}.Symbol|Any CPU.Build.0 = Symbol|Any CPU
		{04F7924B-1268-4514-B3B7-EE563C7A8E15}.Symbol|Mixed Platforms.ActiveCfg = Symbol|Any CPU
		{04F7924B-1268-4514-B3B7-EE563C7A8E15}.Symbol|Mixed Platforms.Build.0 = Symbol|Any CPU
		{04F7924B-1268-4514-B3B7-EE563C7A8E15}.Symbol|x86.ActiveCfg = Symbol|Any CPU
		{04F7924B-1268-4514-B3B7-EE563C7A8E15}.Symbol|x86.Build.0 = Symbol|Any CPU
		{04F7924B-1268-4514-B3B7-EE563C7A8E15}.Symbols4Debug|Any CPU.ActiveCfg = Symbols4Debug|Any CPU
		{04F7924B-1268-4514-B3B7-EE563C7A8E15}.Symbols4Debug|Any CPU.Build.0 = Symbols4Debug|Any CPU
		{04F7924B-1268-4514-B3B7-EE563C7A8E15}.Symbols4Debug|Mixed Platforms.ActiveCfg = Symbols4Debug|Any CPU
		{04F7924B-1268-4514-B3B7-EE563C7A8E15}.Symbols4Debug|Mixed Platforms.Build.0 = Symbols4Debug|Any CPU
		{04F7924B-1268-4514-B3B7-EE563C7A8E15}.Symbols4Debug|x86.ActiveCfg = Symbols4Debug|Any CPU
		{04F7924B-1268-4514-B3B7-EE563C7A8E15}.Symbols4Debug|x86.Build.0 = Symbols4Debug|Any CPU
		{04F7924B-1268-4514-B3B7-EE563C7A8E15}.TRIAL|Any CPU.ActiveCfg = TRIAL|Any CPU
		{04F7924B-1268-4514-B3B7-EE563C7A8E15}.TRIAL|Any CPU.Build.0 = TRIAL|Any CPU
		{04F7924B-1268-4514-B3B7-EE563C7A8E15}.TRIAL|Mixed Platforms.ActiveCfg = TRIAL|Any CPU
		{04F7924B-1268-4514-B3B7-EE563C7A8E15}.TRIAL|Mixed Platforms.Build.0 = TRIAL|Any CPU
		{04F7924B-1268-4514-B3B7-EE563C7A8E15}.TRIAL|x86.ActiveCfg = TRIAL|Any CPU
		{04F7924B-1268-4514-B3B7-EE563C7A8E15}.TRIAL|x86.Build.0 = TRIAL|Any CPU
	EndGlobalSection
	GlobalSection(SolutionProperties) = preSolution
		HideSolutionNode = FALSE
	EndGlobalSection
	GlobalSection(ExtensibilityGlobals) = postSolution
		SolutionGuid = {0F17623E-F5B3-4123-859A-172112278578}
	EndGlobalSection
EndGlobal
